
Microsoft Visual Studio Solution File, Format Version 12.00
# Visual Studio Version 17
VisualStudioVersion = 17.6.33723.286
MinimumVisualStudioVersion = 10.0.40219.1
Project("{FAE04EC0-301F-11D3-BF4B-00C04F79EFBC}") = "BlogDataLibrary", "BlogDataLibrary\BlogDataLibrary.csproj", "{54F814AD-7770-4414-8915-8742D0F1614F}"
EndProject
Project("{00D1A9C2-B5F0-4AF3-8072-F6C62B433612}") = "TejadaBlogDB", "TejadaBlogDB\TejadaBlogDB.sqlproj", "{F2CEDFA6-1705-4B47-B9BF-A286EA8B5544}"
EndProject
Project("{FAE04EC0-301F-11D3-BF4B-00C04F79EFBC}") = "BlogTestUI", "BlogTestUI\BlogTestUI.csproj", "{DB5AF192-5854-4A86-87BB-600D48A6741E}"
EndProject
Global
	GlobalSection(SolutionConfigurationPlatforms) = preSolution
		Debug|Any CPU = Debug|Any CPU
		Release|Any CPU = Release|Any CPU
	EndGlobalSection
	GlobalSection(ProjectConfigurationPlatforms) = postSolution
		{54F814AD-7770-4414-8915-8742D0F1614F}.Debug|Any CPU.ActiveCfg = Debug|Any CPU
		{54F814AD-7770-4414-8915-8742D0F1614F}.Debug|Any CPU.Build.0 = Debug|Any CPU
		{54F814AD-7770-4414-8915-8742D0F1614F}.Release|Any CPU.ActiveCfg = Release|Any CPU
		{54F814AD-7770-4414-8915-8742D0F1614F}.Release|Any CPU.Build.0 = Release|Any CPU
		{F2CEDFA6-1705-4B47-B9BF-A286EA8B5544}.Debug|Any CPU.ActiveCfg = Debug|Any CPU
		{F2CEDFA6-1705-4B47-B9BF-A286EA8B5544}.Debug|Any CPU.Build.0 = Debug|Any CPU
		{F2CEDFA6-1705-4B47-B9BF-A286EA8B5544}.Debug|Any CPU.Deploy.0 = Debug|Any CPU
		{F2CEDFA6-1705-4B47-B9BF-A286EA8B5544}.Release|Any CPU.ActiveCfg = Release|Any CPU
		{F2CEDFA6-1705-4B47-B9BF-A286EA8B5544}.Release|Any CPU.Build.0 = Release|Any CPU
		{F2CEDFA6-1705-4B47-B9BF-A286EA8B5544}.Release|Any CPU.Deploy.0 = Release|Any CPU
		{DB5AF192-5854-4A86-87BB-600D48A6741E}.Debug|Any CPU.ActiveCfg = Debug|Any CPU
		{DB5AF192-5854-4A86-87BB-600D48A6741E}.Debug|Any CPU.Build.0 = Debug|Any CPU
		{DB5AF192-5854-4A86-87BB-600D48A6741E}.Release|Any CPU.ActiveCfg = Release|Any CPU
		{DB5AF192-5854-4A86-87BB-600D48A6741E}.Release|Any CPU.Build.0 = Release|Any CPU
	EndGlobalSection
	GlobalSection(SolutionProperties) = preSolution
		HideSolutionNode = FALSE
	EndGlobalSection
	GlobalSection(ExtensibilityGlobals) = postSolution
		SolutionGuid = {19A90DAE-09A7-4EBE-B41D-2F724570748F}
	EndGlobalSection
EndGlobal
